
Microsoft Visual Studio Solution File, Format Version 12.00
Project("{2150E333-8FDC-42A3-9474-1A3956D46DE8}") = "Tweet", "Tweet", "{1B7CD17F-AC9D-4476-A49F-373BEACC33CF}"
EndProject
Project("{2150E333-8FDC-42A3-9474-1A3956D46DE8}") = "Core", "Core", "{E324A083-7523-4EF0-88DD-2B18048052E6}"
EndProject
Project("{FAE04EC0-301F-11D3-BF4B-00C04F79EFBC}") = "Core.Api", "BuildingBlocks\Core\Core.Api\Core.Api.csproj", "{F34DF623-576B-419C-8BFC-E6B363833289}"
EndProject
Project("{FAE04EC0-301F-11D3-BF4B-00C04F79EFBC}") = "Core.Domain", "BuildingBlocks\Core\Core.Domain\Core.Domain.csproj", "{30848089-0F8B-408D-918D-988968F92830}"
EndProject
Project("{FAE04EC0-301F-11D3-BF4B-00C04F79EFBC}") = "Tweet.Application", "Services\Tweet\Processor\Tweet.Application\Tweet.Application.csproj", "{A6ECB704-D895-4116-85BF-C4A0CE7CBB29}"
EndProject
Project("{FAE04EC0-301F-11D3-BF4B-00C04F79EFBC}") = "Tweet.Infrastructure", "Services\Tweet\Processor\Tweet.Infrastructure\Tweet.Infrastructure.csproj", "{A7447F91-4D41-473D-8853-E8D8880B3344}"
EndProject
Project("{FAE04EC0-301F-11D3-BF4B-00C04F79EFBC}") = "Tweet.Domain", "Services\Tweet\Processor\Tweet.Domain\Tweet.Domain.csproj", "{C8796D06-9658-4965-9C41-11CF4643C46E}"
EndProject
Project("{2150E333-8FDC-42A3-9474-1A3956D46DE8}") = "Identity", "Identity", "{96CC04A1-18F2-4F7F-8D26-33F08D96989A}"
EndProject
Project("{FAE04EC0-301F-11D3-BF4B-00C04F79EFBC}") = "Identity.Api", "Services\Identity\Identity.Api\Identity.Api.csproj", "{C62CA635-10E1-4C48-9ECF-C0A71DCA1F3C}"
EndProject
Project("{E53339B2-1760-4266-BCC7-CA923CBCF16C}") = "docker-compose", "docker-compose.dcproj", "{6BD2EC46-FA8F-44F3-AF33-903BBB347116}"
EndProject
Project("{2150E333-8FDC-42A3-9474-1A3956D46DE8}") = "EventBus", "EventBus", "{F0B1E359-EAE3-40F8-99BC-DD932D737199}"
EndProject
Project("{FAE04EC0-301F-11D3-BF4B-00C04F79EFBC}") = "EventBus", "BuildingBlocks\EventBus\EventBus\EventBus.csproj", "{A3262FC8-047F-459E-B685-16F76DE3CEA9}"
EndProject
Project("{FAE04EC0-301F-11D3-BF4B-00C04F79EFBC}") = "EventBusRabbitMQ", "BuildingBlocks\EventBus\EventBusRabbitMQ\EventBusRabbitMQ.csproj", "{2EB3D604-3301-495D-B96C-376421590BBB}"
EndProject
Project("{FAE04EC0-301F-11D3-BF4B-00C04F79EFBC}") = "Tweet.Processor", "Services\Tweet\Processor\Tweet.Processor\Tweet.Processor.csproj", "{6491A628-D8A8-4D9B-B928-E49513648B7B}"
EndProject
Project("{FAE04EC0-301F-11D3-BF4B-00C04F79EFBC}") = "Tweet.Events", "Services\Tweet\Tweet.Events\Tweet.Events.csproj", "{BDE83229-6EF0-46DF-8953-687C655174CE}"
EndProject
Project("{2150E333-8FDC-42A3-9474-1A3956D46DE8}") = "Processor", "Processor", "{B767A251-E0C5-4868-AB7C-A35C5F44E713}"
EndProject
Project("{2150E333-8FDC-42A3-9474-1A3956D46DE8}") = "ApiGateways", "ApiGateways", "{7DAD868C-56A2-4DFB-B825-F7B6CB107A2C}"
EndProject
Project("{FAE04EC0-301F-11D3-BF4B-00C04F79EFBC}") = "MainGateway", "ApiGateways\MainGateway\MainGateway.csproj", "{A652EF88-F254-41AB-8911-DE748E3FD6EC}"
EndProject
Project("{FAE04EC0-301F-11D3-BF4B-00C04F79EFBC}") = "WebSpa.Aggregator", "ApiGateways\WebSpa.Aggregator\WebSpa.Aggregator.csproj", "{401C2995-95CF-45A7-A9DD-677AA2646E59}"
EndProject
Project("{FAE04EC0-301F-11D3-BF4B-00C04F79EFBC}") = "Configurations", "BuildingBlocks\Configurations\Configurations.csproj", "{E0E041A4-8E47-450B-BB0A-C76CBA9B4EFD}"
EndProject
Project("{FAE04EC0-301F-11D3-BF4B-00C04F79EFBC}") = "CQRS", "BuildingBlocks\CQRS\CQRS.csproj", "{E0490E2D-C8AB-4FBF-92A3-D21FA3E54FD6}"
EndProject
Project("{FAE04EC0-301F-11D3-BF4B-00C04F79EFBC}") = "Abstractions", "BuildingBlocks\Abstractions\Abstractions.csproj", "{BD7E9C27-DF9B-438A-A0D3-9AB4CE94CE96}"
EndProject
Project("{FAE04EC0-301F-11D3-BF4B-00C04F79EFBC}") = "IdentityBlocks", "BuildingBlocks\IdentityBlocks\IdentityBlocks.csproj", "{ABC6BAD2-AAAE-436B-8002-B064CB7D55EA}"
EndProject
Project("{FAE04EC0-301F-11D3-BF4B-00C04F79EFBC}") = "KwetterLogger", "BuildingBlocks\KwetterLogger\KwetterLogger.csproj", "{7B11521E-1B6C-4671-9487-38935B51DE5F}"
EndProject
Project("{2150E333-8FDC-42A3-9474-1A3956D46DE8}") = "BuildingBlocks", "BuildingBlocks", "{C32D03A5-5AD3-4CCA-8AE2-93B13E4C3675}"
EndProject
Project("{FAE04EC0-301F-11D3-BF4B-00C04F79EFBC}") = "KwetterSwagger", "BuildingBlocks\KwetterSwagger\KwetterSwagger.csproj", "{9CF1505F-77E6-48B2-AAB7-A422B6DE5A39}"
EndProject
Project("{FAE04EC0-301F-11D3-BF4B-00C04F79EFBC}") = "Identity.GrpcContract", "Services\Identity\Identity.GrpcContract\Identity.GrpcContract.csproj", "{9CD621AB-2791-465D-8A3B-F0AB9990275F}"
EndProject
Project("{FAE04EC0-301F-11D3-BF4B-00C04F79EFBC}") = "KwetterGrpc", "BuildingBlocks\KwetterGrpc\KwetterGrpc.csproj", "{C9F31F6F-A17F-4A38-8745-A2F1A6945873}"
EndProject
Project("{FAE04EC0-301F-11D3-BF4B-00C04F79EFBC}") = "Tweet.GrpcContracts", "Services\Tweet\Tweet.GrpcContracts\Tweet.GrpcContracts.csproj", "{B7D91DC4-0213-4032-BB8A-11F9406D8170}"
EndProject
Project("{FAE04EC0-301F-11D3-BF4B-00C04F79EFBC}") = "Tweet.Hub", "Services\Tweet\Tweet.Hub\Tweet.Hub.csproj", "{534EDCB5-C923-4D05-854D-00E7F72BFBC7}"
EndProject
Global
	GlobalSection(SolutionConfigurationPlatforms) = preSolution
		Debug|Any CPU = Debug|Any CPU
		Release|Any CPU = Release|Any CPU
	EndGlobalSection
	GlobalSection(ProjectConfigurationPlatforms) = postSolution
		{F34DF623-576B-419C-8BFC-E6B363833289}.Debug|Any CPU.ActiveCfg = Debug|Any CPU
		{F34DF623-576B-419C-8BFC-E6B363833289}.Debug|Any CPU.Build.0 = Debug|Any CPU
		{F34DF623-576B-419C-8BFC-E6B363833289}.Release|Any CPU.ActiveCfg = Release|Any CPU
		{F34DF623-576B-419C-8BFC-E6B363833289}.Release|Any CPU.Build.0 = Release|Any CPU
		{30848089-0F8B-408D-918D-988968F92830}.Debug|Any CPU.ActiveCfg = Debug|Any CPU
		{30848089-0F8B-408D-918D-988968F92830}.Debug|Any CPU.Build.0 = Debug|Any CPU
		{30848089-0F8B-408D-918D-988968F92830}.Release|Any CPU.ActiveCfg = Release|Any CPU
		{30848089-0F8B-408D-918D-988968F92830}.Release|Any CPU.Build.0 = Release|Any CPU
		{A6ECB704-D895-4116-85BF-C4A0CE7CBB29}.Debug|Any CPU.ActiveCfg = Debug|Any CPU
		{A6ECB704-D895-4116-85BF-C4A0CE7CBB29}.Debug|Any CPU.Build.0 = Debug|Any CPU
		{A6ECB704-D895-4116-85BF-C4A0CE7CBB29}.Release|Any CPU.ActiveCfg = Release|Any CPU
		{A6ECB704-D895-4116-85BF-C4A0CE7CBB29}.Release|Any CPU.Build.0 = Release|Any CPU
		{A7447F91-4D41-473D-8853-E8D8880B3344}.Debug|Any CPU.ActiveCfg = Debug|Any CPU
		{A7447F91-4D41-473D-8853-E8D8880B3344}.Debug|Any CPU.Build.0 = Debug|Any CPU
		{A7447F91-4D41-473D-8853-E8D8880B3344}.Release|Any CPU.ActiveCfg = Release|Any CPU
		{A7447F91-4D41-473D-8853-E8D8880B3344}.Release|Any CPU.Build.0 = Release|Any CPU
		{C8796D06-9658-4965-9C41-11CF4643C46E}.Debug|Any CPU.ActiveCfg = Debug|Any CPU
		{C8796D06-9658-4965-9C41-11CF4643C46E}.Debug|Any CPU.Build.0 = Debug|Any CPU
		{C8796D06-9658-4965-9C41-11CF4643C46E}.Release|Any CPU.ActiveCfg = Release|Any CPU
		{C8796D06-9658-4965-9C41-11CF4643C46E}.Release|Any CPU.Build.0 = Release|Any CPU
		{C62CA635-10E1-4C48-9ECF-C0A71DCA1F3C}.Debug|Any CPU.ActiveCfg = Debug|Any CPU
		{C62CA635-10E1-4C48-9ECF-C0A71DCA1F3C}.Debug|Any CPU.Build.0 = Debug|Any CPU
		{C62CA635-10E1-4C48-9ECF-C0A71DCA1F3C}.Release|Any CPU.ActiveCfg = Release|Any CPU
		{C62CA635-10E1-4C48-9ECF-C0A71DCA1F3C}.Release|Any CPU.Build.0 = Release|Any CPU
		{6BD2EC46-FA8F-44F3-AF33-903BBB347116}.Debug|Any CPU.ActiveCfg = Debug|Any CPU
		{6BD2EC46-FA8F-44F3-AF33-903BBB347116}.Debug|Any CPU.Build.0 = Debug|Any CPU
		{6BD2EC46-FA8F-44F3-AF33-903BBB347116}.Release|Any CPU.ActiveCfg = Release|Any CPU
		{6BD2EC46-FA8F-44F3-AF33-903BBB347116}.Release|Any CPU.Build.0 = Release|Any CPU
		{A3262FC8-047F-459E-B685-16F76DE3CEA9}.Debug|Any CPU.ActiveCfg = Debug|Any CPU
		{A3262FC8-047F-459E-B685-16F76DE3CEA9}.Debug|Any CPU.Build.0 = Debug|Any CPU
		{A3262FC8-047F-459E-B685-16F76DE3CEA9}.Release|Any CPU.ActiveCfg = Release|Any CPU
		{A3262FC8-047F-459E-B685-16F76DE3CEA9}.Release|Any CPU.Build.0 = Release|Any CPU
		{2EB3D604-3301-495D-B96C-376421590BBB}.Debug|Any CPU.ActiveCfg = Debug|Any CPU
		{2EB3D604-3301-495D-B96C-376421590BBB}.Debug|Any CPU.Build.0 = Debug|Any CPU
		{2EB3D604-3301-495D-B96C-376421590BBB}.Release|Any CPU.ActiveCfg = Release|Any CPU
		{2EB3D604-3301-495D-B96C-376421590BBB}.Release|Any CPU.Build.0 = Release|Any CPU
		{6491A628-D8A8-4D9B-B928-E49513648B7B}.Debug|Any CPU.ActiveCfg = Debug|Any CPU
		{6491A628-D8A8-4D9B-B928-E49513648B7B}.Debug|Any CPU.Build.0 = Debug|Any CPU
		{6491A628-D8A8-4D9B-B928-E49513648B7B}.Release|Any CPU.ActiveCfg = Release|Any CPU
		{6491A628-D8A8-4D9B-B928-E49513648B7B}.Release|Any CPU.Build.0 = Release|Any CPU
		{BDE83229-6EF0-46DF-8953-687C655174CE}.Debug|Any CPU.ActiveCfg = Debug|Any CPU
		{BDE83229-6EF0-46DF-8953-687C655174CE}.Debug|Any CPU.Build.0 = Debug|Any CPU
		{BDE83229-6EF0-46DF-8953-687C655174CE}.Release|Any CPU.ActiveCfg = Release|Any CPU
		{BDE83229-6EF0-46DF-8953-687C655174CE}.Release|Any CPU.Build.0 = Release|Any CPU
		{A652EF88-F254-41AB-8911-DE748E3FD6EC}.Debug|Any CPU.ActiveCfg = Debug|Any CPU
		{A652EF88-F254-41AB-8911-DE748E3FD6EC}.Debug|Any CPU.Build.0 = Debug|Any CPU
		{A652EF88-F254-41AB-8911-DE748E3FD6EC}.Release|Any CPU.ActiveCfg = Release|Any CPU
		{A652EF88-F254-41AB-8911-DE748E3FD6EC}.Release|Any CPU.Build.0 = Release|Any CPU
		{401C2995-95CF-45A7-A9DD-677AA2646E59}.Debug|Any CPU.ActiveCfg = Debug|Any CPU
		{401C2995-95CF-45A7-A9DD-677AA2646E59}.Debug|Any CPU.Build.0 = Debug|Any CPU
		{401C2995-95CF-45A7-A9DD-677AA2646E59}.Release|Any CPU.ActiveCfg = Release|Any CPU
		{401C2995-95CF-45A7-A9DD-677AA2646E59}.Release|Any CPU.Build.0 = Release|Any CPU
		{E0E041A4-8E47-450B-BB0A-C76CBA9B4EFD}.Debug|Any CPU.ActiveCfg = Debug|Any CPU
		{E0E041A4-8E47-450B-BB0A-C76CBA9B4EFD}.Debug|Any CPU.Build.0 = Debug|Any CPU
		{E0E041A4-8E47-450B-BB0A-C76CBA9B4EFD}.Release|Any CPU.ActiveCfg = Release|Any CPU
		{E0E041A4-8E47-450B-BB0A-C76CBA9B4EFD}.Release|Any CPU.Build.0 = Release|Any CPU
		{E0490E2D-C8AB-4FBF-92A3-D21FA3E54FD6}.Debug|Any CPU.ActiveCfg = Debug|Any CPU
		{E0490E2D-C8AB-4FBF-92A3-D21FA3E54FD6}.Debug|Any CPU.Build.0 = Debug|Any CPU
		{E0490E2D-C8AB-4FBF-92A3-D21FA3E54FD6}.Release|Any CPU.ActiveCfg = Release|Any CPU
		{E0490E2D-C8AB-4FBF-92A3-D21FA3E54FD6}.Release|Any CPU.Build.0 = Release|Any CPU
		{BD7E9C27-DF9B-438A-A0D3-9AB4CE94CE96}.Debug|Any CPU.ActiveCfg = Debug|Any CPU
		{BD7E9C27-DF9B-438A-A0D3-9AB4CE94CE96}.Debug|Any CPU.Build.0 = Debug|Any CPU
		{BD7E9C27-DF9B-438A-A0D3-9AB4CE94CE96}.Release|Any CPU.ActiveCfg = Release|Any CPU
		{BD7E9C27-DF9B-438A-A0D3-9AB4CE94CE96}.Release|Any CPU.Build.0 = Release|Any CPU
		{ABC6BAD2-AAAE-436B-8002-B064CB7D55EA}.Debug|Any CPU.ActiveCfg = Debug|Any CPU
		{ABC6BAD2-AAAE-436B-8002-B064CB7D55EA}.Debug|Any CPU.Build.0 = Debug|Any CPU
		{ABC6BAD2-AAAE-436B-8002-B064CB7D55EA}.Release|Any CPU.ActiveCfg = Release|Any CPU
		{ABC6BAD2-AAAE-436B-8002-B064CB7D55EA}.Release|Any CPU.Build.0 = Release|Any CPU
		{7B11521E-1B6C-4671-9487-38935B51DE5F}.Debug|Any CPU.ActiveCfg = Debug|Any CPU
		{7B11521E-1B6C-4671-9487-38935B51DE5F}.Debug|Any CPU.Build.0 = Debug|Any CPU
		{7B11521E-1B6C-4671-9487-38935B51DE5F}.Release|Any CPU.ActiveCfg = Release|Any CPU
		{7B11521E-1B6C-4671-9487-38935B51DE5F}.Release|Any CPU.Build.0 = Release|Any CPU
		{9CF1505F-77E6-48B2-AAB7-A422B6DE5A39}.Debug|Any CPU.ActiveCfg = Debug|Any CPU
		{9CF1505F-77E6-48B2-AAB7-A422B6DE5A39}.Debug|Any CPU.Build.0 = Debug|Any CPU
		{9CF1505F-77E6-48B2-AAB7-A422B6DE5A39}.Release|Any CPU.ActiveCfg = Release|Any CPU
		{9CF1505F-77E6-48B2-AAB7-A422B6DE5A39}.Release|Any CPU.Build.0 = Release|Any CPU
		{9CD621AB-2791-465D-8A3B-F0AB9990275F}.Debug|Any CPU.ActiveCfg = Debug|Any CPU
		{9CD621AB-2791-465D-8A3B-F0AB9990275F}.Debug|Any CPU.Build.0 = Debug|Any CPU
		{9CD621AB-2791-465D-8A3B-F0AB9990275F}.Release|Any CPU.ActiveCfg = Release|Any CPU
		{9CD621AB-2791-465D-8A3B-F0AB9990275F}.Release|Any CPU.Build.0 = Release|Any CPU
		{C9F31F6F-A17F-4A38-8745-A2F1A6945873}.Debug|Any CPU.ActiveCfg = Debug|Any CPU
		{C9F31F6F-A17F-4A38-8745-A2F1A6945873}.Debug|Any CPU.Build.0 = Debug|Any CPU
		{C9F31F6F-A17F-4A38-8745-A2F1A6945873}.Release|Any CPU.ActiveCfg = Release|Any CPU
		{C9F31F6F-A17F-4A38-8745-A2F1A6945873}.Release|Any CPU.Build.0 = Release|Any CPU
		{B7D91DC4-0213-4032-BB8A-11F9406D8170}.Debug|Any CPU.ActiveCfg = Debug|Any CPU
		{B7D91DC4-0213-4032-BB8A-11F9406D8170}.Debug|Any CPU.Build.0 = Debug|Any CPU
		{B7D91DC4-0213-4032-BB8A-11F9406D8170}.Release|Any CPU.ActiveCfg = Release|Any CPU
		{B7D91DC4-0213-4032-BB8A-11F9406D8170}.Release|Any CPU.Build.0 = Release|Any CPU
		{534EDCB5-C923-4D05-854D-00E7F72BFBC7}.Debug|Any CPU.ActiveCfg = Debug|Any CPU
		{534EDCB5-C923-4D05-854D-00E7F72BFBC7}.Debug|Any CPU.Build.0 = Debug|Any CPU
		{534EDCB5-C923-4D05-854D-00E7F72BFBC7}.Release|Any CPU.ActiveCfg = Release|Any CPU
		{534EDCB5-C923-4D05-854D-00E7F72BFBC7}.Release|Any CPU.Build.0 = Release|Any CPU
	EndGlobalSection
	GlobalSection(NestedProjects) = preSolution
		{F34DF623-576B-419C-8BFC-E6B363833289} = {E324A083-7523-4EF0-88DD-2B18048052E6}
		{30848089-0F8B-408D-918D-988968F92830} = {E324A083-7523-4EF0-88DD-2B18048052E6}
		{C62CA635-10E1-4C48-9ECF-C0A71DCA1F3C} = {96CC04A1-18F2-4F7F-8D26-33F08D96989A}
		{A3262FC8-047F-459E-B685-16F76DE3CEA9} = {F0B1E359-EAE3-40F8-99BC-DD932D737199}
		{2EB3D604-3301-495D-B96C-376421590BBB} = {F0B1E359-EAE3-40F8-99BC-DD932D737199}
		{BDE83229-6EF0-46DF-8953-687C655174CE} = {1B7CD17F-AC9D-4476-A49F-373BEACC33CF}
		{B767A251-E0C5-4868-AB7C-A35C5F44E713} = {1B7CD17F-AC9D-4476-A49F-373BEACC33CF}
		{A6ECB704-D895-4116-85BF-C4A0CE7CBB29} = {B767A251-E0C5-4868-AB7C-A35C5F44E713}
		{C8796D06-9658-4965-9C41-11CF4643C46E} = {B767A251-E0C5-4868-AB7C-A35C5F44E713}
		{A7447F91-4D41-473D-8853-E8D8880B3344} = {B767A251-E0C5-4868-AB7C-A35C5F44E713}
		{6491A628-D8A8-4D9B-B928-E49513648B7B} = {B767A251-E0C5-4868-AB7C-A35C5F44E713}
		{A652EF88-F254-41AB-8911-DE748E3FD6EC} = {7DAD868C-56A2-4DFB-B825-F7B6CB107A2C}
		{401C2995-95CF-45A7-A9DD-677AA2646E59} = {7DAD868C-56A2-4DFB-B825-F7B6CB107A2C}
		{BD7E9C27-DF9B-438A-A0D3-9AB4CE94CE96} = {C32D03A5-5AD3-4CCA-8AE2-93B13E4C3675}
		{E0E041A4-8E47-450B-BB0A-C76CBA9B4EFD} = {C32D03A5-5AD3-4CCA-8AE2-93B13E4C3675}
		{E0490E2D-C8AB-4FBF-92A3-D21FA3E54FD6} = {C32D03A5-5AD3-4CCA-8AE2-93B13E4C3675}
		{ABC6BAD2-AAAE-436B-8002-B064CB7D55EA} = {C32D03A5-5AD3-4CCA-8AE2-93B13E4C3675}
		{7B11521E-1B6C-4671-9487-38935B51DE5F} = {C32D03A5-5AD3-4CCA-8AE2-93B13E4C3675}
		{F0B1E359-EAE3-40F8-99BC-DD932D737199} = {C32D03A5-5AD3-4CCA-8AE2-93B13E4C3675}
		{9CF1505F-77E6-48B2-AAB7-A422B6DE5A39} = {C32D03A5-5AD3-4CCA-8AE2-93B13E4C3675}
		{9CD621AB-2791-465D-8A3B-F0AB9990275F} = {96CC04A1-18F2-4F7F-8D26-33F08D96989A}
		{C9F31F6F-A17F-4A38-8745-A2F1A6945873} = {C32D03A5-5AD3-4CCA-8AE2-93B13E4C3675}
		{B7D91DC4-0213-4032-BB8A-11F9406D8170} = {1B7CD17F-AC9D-4476-A49F-373BEACC33CF}
		{534EDCB5-C923-4D05-854D-00E7F72BFBC7} = {1B7CD17F-AC9D-4476-A49F-373BEACC33CF}
	EndGlobalSection
EndGlobal
