
Microsoft Visual Studio Solution File, Format Version 12.00
Project("{FAE04EC0-301F-11D3-BF4B-00C04F79EFBC}") = "Tweet.Api", "Services\Tweet\Tweet.Api\Tweet.Api.csproj", "{728C8257-B417-45D1-BAD3-B768A6C88B1C}"
EndProject
Project("{2150E333-8FDC-42A3-9474-1A3956D46DE8}") = "Tweet", "Tweet", "{1B7CD17F-AC9D-4476-A49F-373BEACC33CF}"
EndProject
Project("{2150E333-8FDC-42A3-9474-1A3956D46DE8}") = "Core", "Core", "{E324A083-7523-4EF0-88DD-2B18048052E6}"
EndProject
Project("{FAE04EC0-301F-11D3-BF4B-00C04F79EFBC}") = "Core.Api", "Services\Core\Core.Api\Core.Api.csproj", "{F34DF623-576B-419C-8BFC-E6B363833289}"
EndProject
Project("{FAE04EC0-301F-11D3-BF4B-00C04F79EFBC}") = "Core.Infrastructure", "Services\Core\Core.Infrastructure\Core.Infrastructure.csproj", "{F9C5B5BB-B8F2-494C-AC1F-A9D8BD74BA9D}"
EndProject
Project("{FAE04EC0-301F-11D3-BF4B-00C04F79EFBC}") = "Core.Application", "Services\Core\Core.Application\Core.Application.csproj", "{C78D0FB6-7578-4A00-B416-1A003BC79520}"
EndProject
Project("{FAE04EC0-301F-11D3-BF4B-00C04F79EFBC}") = "Core.Domain", "Services\Core\Core.Domain\Core.Domain.csproj", "{30848089-0F8B-408D-918D-988968F92830}"
EndProject
Project("{FAE04EC0-301F-11D3-BF4B-00C04F79EFBC}") = "Tweet.Application", "Services\Tweet\Tweet.Application\Tweet.Application.csproj", "{A6ECB704-D895-4116-85BF-C4A0CE7CBB29}"
EndProject
Project("{FAE04EC0-301F-11D3-BF4B-00C04F79EFBC}") = "Tweet.Infrastructure", "Services\Tweet\Tweet.Infrastructure\Tweet.Infrastructure.csproj", "{A7447F91-4D41-473D-8853-E8D8880B3344}"
EndProject
Project("{FAE04EC0-301F-11D3-BF4B-00C04F79EFBC}") = "Tweet.Domain", "Services\Tweet\Tweet.Domain\Tweet.Domain.csproj", "{C8796D06-9658-4965-9C41-11CF4643C46E}"
EndProject
Project("{2150E333-8FDC-42A3-9474-1A3956D46DE8}") = "Identity", "Identity", "{96CC04A1-18F2-4F7F-8D26-33F08D96989A}"
EndProject
Project("{FAE04EC0-301F-11D3-BF4B-00C04F79EFBC}") = "Identity.Api", "Services\Identity\Identity.Api\Identity.Api.csproj", "{C62CA635-10E1-4C48-9ECF-C0A71DCA1F3C}"
EndProject
Global
	GlobalSection(SolutionConfigurationPlatforms) = preSolution
		Debug|Any CPU = Debug|Any CPU
		Release|Any CPU = Release|Any CPU
	EndGlobalSection
	GlobalSection(ProjectConfigurationPlatforms) = postSolution
		{728C8257-B417-45D1-BAD3-B768A6C88B1C}.Debug|Any CPU.ActiveCfg = Debug|Any CPU
		{728C8257-B417-45D1-BAD3-B768A6C88B1C}.Debug|Any CPU.Build.0 = Debug|Any CPU
		{728C8257-B417-45D1-BAD3-B768A6C88B1C}.Release|Any CPU.ActiveCfg = Release|Any CPU
		{728C8257-B417-45D1-BAD3-B768A6C88B1C}.Release|Any CPU.Build.0 = Release|Any CPU
		{F34DF623-576B-419C-8BFC-E6B363833289}.Debug|Any CPU.ActiveCfg = Debug|Any CPU
		{F34DF623-576B-419C-8BFC-E6B363833289}.Debug|Any CPU.Build.0 = Debug|Any CPU
		{F34DF623-576B-419C-8BFC-E6B363833289}.Release|Any CPU.ActiveCfg = Release|Any CPU
		{F34DF623-576B-419C-8BFC-E6B363833289}.Release|Any CPU.Build.0 = Release|Any CPU
		{F9C5B5BB-B8F2-494C-AC1F-A9D8BD74BA9D}.Debug|Any CPU.ActiveCfg = Debug|Any CPU
		{F9C5B5BB-B8F2-494C-AC1F-A9D8BD74BA9D}.Debug|Any CPU.Build.0 = Debug|Any CPU
		{F9C5B5BB-B8F2-494C-AC1F-A9D8BD74BA9D}.Release|Any CPU.ActiveCfg = Release|Any CPU
		{F9C5B5BB-B8F2-494C-AC1F-A9D8BD74BA9D}.Release|Any CPU.Build.0 = Release|Any CPU
		{C78D0FB6-7578-4A00-B416-1A003BC79520}.Debug|Any CPU.ActiveCfg = Debug|Any CPU
		{C78D0FB6-7578-4A00-B416-1A003BC79520}.Debug|Any CPU.Build.0 = Debug|Any CPU
		{C78D0FB6-7578-4A00-B416-1A003BC79520}.Release|Any CPU.ActiveCfg = Release|Any CPU
		{C78D0FB6-7578-4A00-B416-1A003BC79520}.Release|Any CPU.Build.0 = Release|Any CPU
		{30848089-0F8B-408D-918D-988968F92830}.Debug|Any CPU.ActiveCfg = Debug|Any CPU
		{30848089-0F8B-408D-918D-988968F92830}.Debug|Any CPU.Build.0 = Debug|Any CPU
		{30848089-0F8B-408D-918D-988968F92830}.Release|Any CPU.ActiveCfg = Release|Any CPU
		{30848089-0F8B-408D-918D-988968F92830}.Release|Any CPU.Build.0 = Release|Any CPU
		{A6ECB704-D895-4116-85BF-C4A0CE7CBB29}.Debug|Any CPU.ActiveCfg = Debug|Any CPU
		{A6ECB704-D895-4116-85BF-C4A0CE7CBB29}.Debug|Any CPU.Build.0 = Debug|Any CPU
		{A6ECB704-D895-4116-85BF-C4A0CE7CBB29}.Release|Any CPU.ActiveCfg = Release|Any CPU
		{A6ECB704-D895-4116-85BF-C4A0CE7CBB29}.Release|Any CPU.Build.0 = Release|Any CPU
		{A7447F91-4D41-473D-8853-E8D8880B3344}.Debug|Any CPU.ActiveCfg = Debug|Any CPU
		{A7447F91-4D41-473D-8853-E8D8880B3344}.Debug|Any CPU.Build.0 = Debug|Any CPU
		{A7447F91-4D41-473D-8853-E8D8880B3344}.Release|Any CPU.ActiveCfg = Release|Any CPU
		{A7447F91-4D41-473D-8853-E8D8880B3344}.Release|Any CPU.Build.0 = Release|Any CPU
		{C8796D06-9658-4965-9C41-11CF4643C46E}.Debug|Any CPU.ActiveCfg = Debug|Any CPU
		{C8796D06-9658-4965-9C41-11CF4643C46E}.Debug|Any CPU.Build.0 = Debug|Any CPU
		{C8796D06-9658-4965-9C41-11CF4643C46E}.Release|Any CPU.ActiveCfg = Release|Any CPU
		{C8796D06-9658-4965-9C41-11CF4643C46E}.Release|Any CPU.Build.0 = Release|Any CPU
		{C62CA635-10E1-4C48-9ECF-C0A71DCA1F3C}.Debug|Any CPU.ActiveCfg = Debug|Any CPU
		{C62CA635-10E1-4C48-9ECF-C0A71DCA1F3C}.Debug|Any CPU.Build.0 = Debug|Any CPU
		{C62CA635-10E1-4C48-9ECF-C0A71DCA1F3C}.Release|Any CPU.ActiveCfg = Release|Any CPU
		{C62CA635-10E1-4C48-9ECF-C0A71DCA1F3C}.Release|Any CPU.Build.0 = Release|Any CPU
	EndGlobalSection
	GlobalSection(NestedProjects) = preSolution
		{728C8257-B417-45D1-BAD3-B768A6C88B1C} = {1B7CD17F-AC9D-4476-A49F-373BEACC33CF}
		{F34DF623-576B-419C-8BFC-E6B363833289} = {E324A083-7523-4EF0-88DD-2B18048052E6}
		{F9C5B5BB-B8F2-494C-AC1F-A9D8BD74BA9D} = {E324A083-7523-4EF0-88DD-2B18048052E6}
		{C78D0FB6-7578-4A00-B416-1A003BC79520} = {E324A083-7523-4EF0-88DD-2B18048052E6}
		{30848089-0F8B-408D-918D-988968F92830} = {E324A083-7523-4EF0-88DD-2B18048052E6}
		{A6ECB704-D895-4116-85BF-C4A0CE7CBB29} = {1B7CD17F-AC9D-4476-A49F-373BEACC33CF}
		{A7447F91-4D41-473D-8853-E8D8880B3344} = {1B7CD17F-AC9D-4476-A49F-373BEACC33CF}
		{C8796D06-9658-4965-9C41-11CF4643C46E} = {1B7CD17F-AC9D-4476-A49F-373BEACC33CF}
		{C62CA635-10E1-4C48-9ECF-C0A71DCA1F3C} = {96CC04A1-18F2-4F7F-8D26-33F08D96989A}
	EndGlobalSection
EndGlobal
